
Microsoft Visual Studio Solution File, Format Version 12.00
# Visual Studio Version 16
VisualStudioVersion = 16.0.29418.71
MinimumVisualStudioVersion = 10.0.40219.1
Project("{FAE04EC0-301F-11D3-BF4B-00C04F79EFBC}") = "RazorPagesMovie", "RazorPagesMovie.csproj", "{9CE52BC5-CF4A-4082-80A9-AEB94D4E336B}"
EndProject
Global
	GlobalSection(SolutionConfigurationPlatforms) = preSolution
		Debug|Any CPU = Debug|Any CPU
		Release|Any CPU = Release|Any CPU
	EndGlobalSection
	GlobalSection(ProjectConfigurationPlatforms) = postSolution
		{9CE52BC5-CF4A-4082-80A9-AEB94D4E336B}.Debug|Any CPU.ActiveCfg = Debug|Any CPU
		{9CE52BC5-CF4A-4082-80A9-AEB94D4E336B}.Debug|Any CPU.Build.0 = Debug|Any CPU
		{9CE52BC5-CF4A-4082-80A9-AEB94D4E336B}.Release|Any CPU.ActiveCfg = Release|Any CPU
		{9CE52BC5-CF4A-4082-80A9-AEB94D4E336B}.Release|Any CPU.Build.0 = Release|Any CPU
	EndGlobalSection
	GlobalSection(SolutionProperties) = preSolution
		HideSolutionNode = FALSE
	EndGlobalSection
	GlobalSection(ExtensibilityGlobals) = postSolution
		SolutionGuid = {3E252363-3730-4DED-9033-253E2BC57153}
	EndGlobalSection
EndGlobal
